
Microsoft Visual Studio Solution File, Format Version 12.00
# Visual Studio Version 16
VisualStudioVersion = 16.0.32228.343
MinimumVisualStudioVersion = 10.0.40219.1
Project("{FAE04EC0-301F-11D3-BF4B-00C04F79EFBC}") = "OSM routing", "OSM routing\OSM routing.csproj", "{30487E54-0B6A-4DEF-9943-0C0D5D11F2B7}"
EndProject
Global
	GlobalSection(SolutionConfigurationPlatforms) = preSolution
		Debug|Any CPU = Debug|Any CPU
		Release|Any CPU = Release|Any CPU
	EndGlobalSection
	GlobalSection(ProjectConfigurationPlatforms) = postSolution
		{30487E54-0B6A-4DEF-9943-0C0D5D11F2B7}.Debug|Any CPU.ActiveCfg = Debug|Any CPU
		{30487E54-0B6A-4DEF-9943-0C0D5D11F2B7}.Debug|Any CPU.Build.0 = Debug|Any CPU
		{30487E54-0B6A-4DEF-9943-0C0D5D11F2B7}.Release|Any CPU.ActiveCfg = Release|Any CPU
		{30487E54-0B6A-4DEF-9943-0C0D5D11F2B7}.Release|Any CPU.Build.0 = Release|Any CPU
	EndGlobalSection
	GlobalSection(SolutionProperties) = preSolution
		HideSolutionNode = FALSE
	EndGlobalSection
	GlobalSection(ExtensibilityGlobals) = postSolution
		SolutionGuid = {76AF190D-7A48-4ACE-94B1-184808E7619D}
	EndGlobalSection
EndGlobal
